
Microsoft Visual Studio Solution File, Format Version 12.00
# Visual Studio Version 17
VisualStudioVersion = 17.0.31919.166
MinimumVisualStudioVersion = 10.0.40219.1
Project("{9A19103F-16F7-4668-BE54-9A1E7A4F7556}") = "NevronDemo.Domain", "NevronDemo.Domain\NevronDemo.Domain.csproj", "{B91A500E-AFC2-4475-B540-612B99254672}"
EndProject
Project("{9A19103F-16F7-4668-BE54-9A1E7A4F7556}") = "NevronDemo.Persistence", "NevronDemo.Persistence\NevronDemo.Persistence.csproj", "{306882A0-FCB8-40E2-A3E2-58160A062878}"
EndProject
Project("{9A19103F-16F7-4668-BE54-9A1E7A4F7556}") = "NevronDemo.Common", "NevronDemo.Common\NevronDemo.Common.csproj", "{497EBF0E-E867-4756-B180-16124E445AD1}"
EndProject
Project("{9A19103F-16F7-4668-BE54-9A1E7A4F7556}") = "NevronDemo.Application", "NevronDemo.Application\NevronDemo.Application.csproj", "{F90A68D9-911C-4AE3-B792-403BE3AA73B2}"
EndProject
Project("{2150E333-8FDC-42A3-9474-1A3956D46DE8}") = "src", "src", "{6815B6BD-3A2A-47B0-B5C7-D5A2753068F4}"
EndProject
Project("{2150E333-8FDC-42A3-9474-1A3956D46DE8}") = "Core", "Core", "{AE1105A6-FA6F-4E42-B56B-08151C9744A2}"
EndProject
Project("{2150E333-8FDC-42A3-9474-1A3956D46DE8}") = "Infrastructure", "Infrastructure", "{946F0A83-B37A-41BB-B548-CE1CE86CF687}"
EndProject
Project("{2150E333-8FDC-42A3-9474-1A3956D46DE8}") = "Presentation", "Presentation", "{2DF39A53-85A2-44F2-A680-198AD591E20D}"
EndProject
Project("{2150E333-8FDC-42A3-9474-1A3956D46DE8}") = "test", "test", "{1D0B484C-5F5E-43EC-A6A9-E3A0E547CD32}"
EndProject
Project("{9A19103F-16F7-4668-BE54-9A1E7A4F7556}") = "NevronDemo.Infrastructure", "NevronDemo.Infrastructure\NevronDemo.Infrastructure.csproj", "{F796AC6C-900A-45D5-AEE7-3004FF70679E}"
EndProject
Project("{FAE04EC0-301F-11D3-BF4B-00C04F79EFBC}") = "NevronDemo.ASPUI", "NevronDemo.ASPUI\NevronDemo.ASPUI.csproj", "{92F4A05F-843F-409C-948F-1C01E4FA7F10}"
EndProject
Project("{FAE04EC0-301F-11D3-BF4B-00C04F79EFBC}") = "NevronDemo.Persistence.IntegrationTest", "NevronDemo.Persistence.IntegrationTest\NevronDemo.Persistence.IntegrationTest.csproj", "{DF66ECC5-A567-4340-A5DB-13169EB2A94E}"
EndProject
Project("{FAE04EC0-301F-11D3-BF4B-00C04F79EFBC}") = "NevronDemo.Application.UnitTest", "NevronDemo.Application.UnitTest\NevronDemo.Application.UnitTest.csproj", "{ABE8CD0E-9EC8-4DE2-B4E2-404AEC02FF9D}"
EndProject
Global
	GlobalSection(SolutionConfigurationPlatforms) = preSolution
		Debug|Any CPU = Debug|Any CPU
		Release|Any CPU = Release|Any CPU
	EndGlobalSection
	GlobalSection(ProjectConfigurationPlatforms) = postSolution
		{B91A500E-AFC2-4475-B540-612B99254672}.Debug|Any CPU.ActiveCfg = Debug|Any CPU
		{B91A500E-AFC2-4475-B540-612B99254672}.Debug|Any CPU.Build.0 = Debug|Any CPU
		{B91A500E-AFC2-4475-B540-612B99254672}.Release|Any CPU.ActiveCfg = Release|Any CPU
		{B91A500E-AFC2-4475-B540-612B99254672}.Release|Any CPU.Build.0 = Release|Any CPU
		{306882A0-FCB8-40E2-A3E2-58160A062878}.Debug|Any CPU.ActiveCfg = Debug|Any CPU
		{306882A0-FCB8-40E2-A3E2-58160A062878}.Debug|Any CPU.Build.0 = Debug|Any CPU
		{306882A0-FCB8-40E2-A3E2-58160A062878}.Release|Any CPU.ActiveCfg = Release|Any CPU
		{306882A0-FCB8-40E2-A3E2-58160A062878}.Release|Any CPU.Build.0 = Release|Any CPU
		{497EBF0E-E867-4756-B180-16124E445AD1}.Debug|Any CPU.ActiveCfg = Debug|Any CPU
		{497EBF0E-E867-4756-B180-16124E445AD1}.Debug|Any CPU.Build.0 = Debug|Any CPU
		{497EBF0E-E867-4756-B180-16124E445AD1}.Release|Any CPU.ActiveCfg = Release|Any CPU
		{497EBF0E-E867-4756-B180-16124E445AD1}.Release|Any CPU.Build.0 = Release|Any CPU
		{F90A68D9-911C-4AE3-B792-403BE3AA73B2}.Debug|Any CPU.ActiveCfg = Debug|Any CPU
		{F90A68D9-911C-4AE3-B792-403BE3AA73B2}.Debug|Any CPU.Build.0 = Debug|Any CPU
		{F90A68D9-911C-4AE3-B792-403BE3AA73B2}.Release|Any CPU.ActiveCfg = Release|Any CPU
		{F90A68D9-911C-4AE3-B792-403BE3AA73B2}.Release|Any CPU.Build.0 = Release|Any CPU
		{F796AC6C-900A-45D5-AEE7-3004FF70679E}.Debug|Any CPU.ActiveCfg = Debug|Any CPU
		{F796AC6C-900A-45D5-AEE7-3004FF70679E}.Debug|Any CPU.Build.0 = Debug|Any CPU
		{F796AC6C-900A-45D5-AEE7-3004FF70679E}.Release|Any CPU.ActiveCfg = Release|Any CPU
		{F796AC6C-900A-45D5-AEE7-3004FF70679E}.Release|Any CPU.Build.0 = Release|Any CPU
		{92F4A05F-843F-409C-948F-1C01E4FA7F10}.Debug|Any CPU.ActiveCfg = Debug|Any CPU
		{92F4A05F-843F-409C-948F-1C01E4FA7F10}.Debug|Any CPU.Build.0 = Debug|Any CPU
		{92F4A05F-843F-409C-948F-1C01E4FA7F10}.Release|Any CPU.ActiveCfg = Release|Any CPU
		{92F4A05F-843F-409C-948F-1C01E4FA7F10}.Release|Any CPU.Build.0 = Release|Any CPU
		{DF66ECC5-A567-4340-A5DB-13169EB2A94E}.Debug|Any CPU.ActiveCfg = Debug|Any CPU
		{DF66ECC5-A567-4340-A5DB-13169EB2A94E}.Debug|Any CPU.Build.0 = Debug|Any CPU
		{DF66ECC5-A567-4340-A5DB-13169EB2A94E}.Release|Any CPU.ActiveCfg = Release|Any CPU
		{DF66ECC5-A567-4340-A5DB-13169EB2A94E}.Release|Any CPU.Build.0 = Release|Any CPU
		{ABE8CD0E-9EC8-4DE2-B4E2-404AEC02FF9D}.Debug|Any CPU.ActiveCfg = Debug|Any CPU
		{ABE8CD0E-9EC8-4DE2-B4E2-404AEC02FF9D}.Debug|Any CPU.Build.0 = Debug|Any CPU
		{ABE8CD0E-9EC8-4DE2-B4E2-404AEC02FF9D}.Release|Any CPU.ActiveCfg = Release|Any CPU
		{ABE8CD0E-9EC8-4DE2-B4E2-404AEC02FF9D}.Release|Any CPU.Build.0 = Release|Any CPU
	EndGlobalSection
	GlobalSection(SolutionProperties) = preSolution
		HideSolutionNode = FALSE
	EndGlobalSection
	GlobalSection(NestedProjects) = preSolution
		{B91A500E-AFC2-4475-B540-612B99254672} = {AE1105A6-FA6F-4E42-B56B-08151C9744A2}
		{306882A0-FCB8-40E2-A3E2-58160A062878} = {946F0A83-B37A-41BB-B548-CE1CE86CF687}
		{497EBF0E-E867-4756-B180-16124E445AD1} = {AE1105A6-FA6F-4E42-B56B-08151C9744A2}
		{F90A68D9-911C-4AE3-B792-403BE3AA73B2} = {AE1105A6-FA6F-4E42-B56B-08151C9744A2}
		{AE1105A6-FA6F-4E42-B56B-08151C9744A2} = {6815B6BD-3A2A-47B0-B5C7-D5A2753068F4}
		{946F0A83-B37A-41BB-B548-CE1CE86CF687} = {6815B6BD-3A2A-47B0-B5C7-D5A2753068F4}
		{2DF39A53-85A2-44F2-A680-198AD591E20D} = {6815B6BD-3A2A-47B0-B5C7-D5A2753068F4}
		{F796AC6C-900A-45D5-AEE7-3004FF70679E} = {946F0A83-B37A-41BB-B548-CE1CE86CF687}
		{92F4A05F-843F-409C-948F-1C01E4FA7F10} = {2DF39A53-85A2-44F2-A680-198AD591E20D}
		{DF66ECC5-A567-4340-A5DB-13169EB2A94E} = {1D0B484C-5F5E-43EC-A6A9-E3A0E547CD32}
		{ABE8CD0E-9EC8-4DE2-B4E2-404AEC02FF9D} = {1D0B484C-5F5E-43EC-A6A9-E3A0E547CD32}
	EndGlobalSection
	GlobalSection(ExtensibilityGlobals) = postSolution
		SolutionGuid = {09511C1D-ECB9-4BAE-8243-17571B43E0B9}
	EndGlobalSection
EndGlobal
